// !$*UTF8*$!
{
	archiveVersion = 1;
	classes = {
	};
	objectVersion = 46;
	objects = {

/* Begin PBXBuildFile section */
		913003D31C8532F200A36AEC /* NSString+MD5.m in Sources */ = {isa = PBXBuildFile; fileRef = 913003D21C8532F200A36AEC /* NSString+MD5.m */; };
		9130045B1C85391500A36AEC /* AFHTTPRequestOperation.m in Sources */ = {isa = PBXBuildFile; fileRef = 913004351C85391500A36AEC /* AFHTTPRequestOperation.m */; };
		9130045C1C85391500A36AEC /* AFHTTPRequestOperationManager.m in Sources */ = {isa = PBXBuildFile; fileRef = 913004371C85391500A36AEC /* AFHTTPRequestOperationManager.m */; };
		9130045D1C85391500A36AEC /* AFHTTPSessionManager.m in Sources */ = {isa = PBXBuildFile; fileRef = 913004391C85391500A36AEC /* AFHTTPSessionManager.m */; };
		9130045E1C85391500A36AEC /* AFNetworkReachabilityManager.m in Sources */ = {isa = PBXBuildFile; fileRef = 9130043C1C85391500A36AEC /* AFNetworkReachabilityManager.m */; };
		9130045F1C85391500A36AEC /* AFSecurityPolicy.m in Sources */ = {isa = PBXBuildFile; fileRef = 9130043E1C85391500A36AEC /* AFSecurityPolicy.m */; };
		913004601C85391500A36AEC /* AFURLConnectionOperation.m in Sources */ = {isa = PBXBuildFile; fileRef = 913004401C85391500A36AEC /* AFURLConnectionOperation.m */; };
		913004611C85391500A36AEC /* AFURLRequestSerialization.m in Sources */ = {isa = PBXBuildFile; fileRef = 913004421C85391500A36AEC /* AFURLRequestSerialization.m */; };
		913004621C85391500A36AEC /* AFURLResponseSerialization.m in Sources */ = {isa = PBXBuildFile; fileRef = 913004441C85391500A36AEC /* AFURLResponseSerialization.m */; };
		913004631C85391500A36AEC /* AFURLSessionManager.m in Sources */ = {isa = PBXBuildFile; fileRef = 913004461C85391500A36AEC /* AFURLSessionManager.m */; };
		913004641C85391500A36AEC /* LICENSE in Resources */ = {isa = PBXBuildFile; fileRef = 913004471C85391500A36AEC /* LICENSE */; };
		913004651C85391500A36AEC /* README.md in Sources */ = {isa = PBXBuildFile; fileRef = 913004481C85391500A36AEC /* README.md */; };
		913004661C85391500A36AEC /* AFNetworkActivityIndicatorManager.m in Sources */ = {isa = PBXBuildFile; fileRef = 9130044B1C85391500A36AEC /* AFNetworkActivityIndicatorManager.m */; };
		913004671C85391500A36AEC /* UIActivityIndicatorView+AFNetworking.m in Sources */ = {isa = PBXBuildFile; fileRef = 9130044D1C85391500A36AEC /* UIActivityIndicatorView+AFNetworking.m */; };
		913004681C85391500A36AEC /* UIAlertView+AFNetworking.m in Sources */ = {isa = PBXBuildFile; fileRef = 9130044F1C85391500A36AEC /* UIAlertView+AFNetworking.m */; };
		913004691C85391500A36AEC /* UIButton+AFNetworking.m in Sources */ = {isa = PBXBuildFile; fileRef = 913004511C85391500A36AEC /* UIButton+AFNetworking.m */; };
		9130046A1C85391500A36AEC /* UIImageView+AFNetworking.m in Sources */ = {isa = PBXBuildFile; fileRef = 913004531C85391500A36AEC /* UIImageView+AFNetworking.m */; };
		9130046B1C85391500A36AEC /* UIProgressView+AFNetworking.m in Sources */ = {isa = PBXBuildFile; fileRef = 913004561C85391500A36AEC /* UIProgressView+AFNetworking.m */; };
		9130046C1C85391500A36AEC /* UIRefreshControl+AFNetworking.m in Sources */ = {isa = PBXBuildFile; fileRef = 913004581C85391500A36AEC /* UIRefreshControl+AFNetworking.m */; };
		9130046D1C85391500A36AEC /* UIWebView+AFNetworking.m in Sources */ = {isa = PBXBuildFile; fileRef = 9130045A1C85391500A36AEC /* UIWebView+AFNetworking.m */; };
		91E28B8B1C841EBA009957E7 /* main.m in Sources */ = {isa = PBXBuildFile; fileRef = 91E28B8A1C841EBA009957E7 /* main.m */; };
		91E28B8E1C841EBA009957E7 /* AppDelegate.m in Sources */ = {isa = PBXBuildFile; fileRef = 91E28B8D1C841EBA009957E7 /* AppDelegate.m */; };
		91E28B911C841EBA009957E7 /* ViewController.m in Sources */ = {isa = PBXBuildFile; fileRef = 91E28B901C841EBA009957E7 /* ViewController.m */; };
		91E28B941C841EBA009957E7 /* Main.storyboard in Resources */ = {isa = PBXBuildFile; fileRef = 91E28B921C841EBA009957E7 /* Main.storyboard */; };
		91E28B961C841EBA009957E7 /* Assets.xcassets in Resources */ = {isa = PBXBuildFile; fileRef = 91E28B951C841EBA009957E7 /* Assets.xcassets */; };
		91E28B991C841EBA009957E7 /* LaunchScreen.storyboard in Resources */ = {isa = PBXBuildFile; fileRef = 91E28B971C841EBA009957E7 /* LaunchScreen.storyboard */; };
		91E28BA41C841EBA009957E7 /* LQQWeChatDemoTests.m in Sources */ = {isa = PBXBuildFile; fileRef = 91E28BA31C841EBA009957E7 /* LQQWeChatDemoTests.m */; };
		91E28BAF1C841EBA009957E7 /* LQQWeChatDemoUITests.m in Sources */ = {isa = PBXBuildFile; fileRef = 91E28BAE1C841EBA009957E7 /* LQQWeChatDemoUITests.m */; };
		91E28BBF1C842001009957E7 /* HYBNetworking.m in Sources */ = {isa = PBXBuildFile; fileRef = 91E28BBE1C842001009957E7 /* HYBNetworking.m */; };
		91E28C061C84206F009957E7 /* WechatPayViewController.m in Sources */ = {isa = PBXBuildFile; fileRef = 91E28C051C84206F009957E7 /* WechatPayViewController.m */; };
		91E28C081C84208F009957E7 /* wechatPay_icon@2x.png in Resources */ = {isa = PBXBuildFile; fileRef = 91E28C071C84208F009957E7 /* wechatPay_icon@2x.png */; };
		91E28C0F1C842750009957E7 /* libWeChatSDK.a in Frameworks */ = {isa = PBXBuildFile; fileRef = 91E28C0A1C842750009957E7 /* libWeChatSDK.a */; };
		91E28C101C842750009957E7 /* read_me.txt in Resources */ = {isa = PBXBuildFile; fileRef = 91E28C0B1C842750009957E7 /* read_me.txt */; };
		91E28C121C842806009957E7 /* SystemConfiguration.framework in Frameworks */ = {isa = PBXBuildFile; fileRef = 91E28C111C842806009957E7 /* SystemConfiguration.framework */; };
		91E28C141C842815009957E7 /* libz.tbd in Frameworks */ = {isa = PBXBuildFile; fileRef = 91E28C131C842815009957E7 /* libz.tbd */; };
		91E28C161C842825009957E7 /* libsqlite3.0.tbd in Frameworks */ = {isa = PBXBuildFile; fileRef = 91E28C151C842825009957E7 /* libsqlite3.0.tbd */; };
		91E28C181C842835009957E7 /* libc++.tbd in Frameworks */ = {isa = PBXBuildFile; fileRef = 91E28C171C842835009957E7 /* libc++.tbd */; };
		91E28C1C1C8435FD009957E7 /* CoreTelephony.framework in Frameworks */ = {isa = PBXBuildFile; fileRef = 91E28C1B1C8435FD009957E7 /* CoreTelephony.framework */; };
/* End PBXBuildFile section */

/* Begin PBXContainerItemProxy section */
		91E28BA01C841EBA009957E7 /* PBXContainerItemProxy */ = {
			isa = PBXContainerItemProxy;
			containerPortal = 91E28B7E1C841EBA009957E7 /* Project object */;
			proxyType = 1;
			remoteGlobalIDString = 91E28B851C841EBA009957E7;
			remoteInfo = LQQWeChatDemo;
		};
		91E28BAB1C841EBA009957E7 /* PBXContainerItemProxy */ = {
			isa = PBXContainerItemProxy;
			containerPortal = 91E28B7E1C841EBA009957E7 /* Project object */;
			proxyType = 1;
			remoteGlobalIDString = 91E28B851C841EBA009957E7;
			remoteInfo = LQQWeChatDemo;
		};
/* End PBXContainerItemProxy section */

/* Begin PBXFileReference section */
		913003D11C8532F200A36AEC /* NSString+MD5.h */ = {isa = PBXFileReference; fileEncoding = 4; lastKnownFileType = sourcecode.c.h; path = "NSString+MD5.h"; sourceTree = "<group>"; };
		913003D21C8532F200A36AEC /* NSString+MD5.m */ = {isa = PBXFileReference; fileEncoding = 4; lastKnownFileType = sourcecode.c.objc; path = "NSString+MD5.m"; sourceTree = "<group>"; };
		913004341C85391500A36AEC /* AFHTTPRequestOperation.h */ = {isa = PBXFileReference; fileEncoding = 4; lastKnownFileType = sourcecode.c.h; path = AFHTTPRequestOperation.h; sourceTree = "<group>"; };
		913004351C85391500A36AEC /* AFHTTPRequestOperation.m */ = {isa = PBXFileReference; fileEncoding = 4; lastKnownFileType = sourcecode.c.objc; path = AFHTTPRequestOperation.m; sourceTree = "<group>"; };
		913004361C85391500A36AEC /* AFHTTPRequestOperationManager.h */ = {isa = PBXFileReference; fileEncoding = 4; lastKnownFileType = sourcecode.c.h; path = AFHTTPRequestOperationManager.h; sourceTree = "<group>"; };
		913004371C85391500A36AEC /* AFHTTPRequestOperationManager.m */ = {isa = PBXFileReference; fileEncoding = 4; lastKnownFileType = sourcecode.c.objc; path = AFHTTPRequestOperationManager.m; sourceTree = "<group>"; };
		913004381C85391500A36AEC /* AFHTTPSessionManager.h */ = {isa = PBXFileReference; fileEncoding = 4; lastKnownFileType = sourcecode.c.h; path = AFHTTPSessionManager.h; sourceTree = "<group>"; };
		913004391C85391500A36AEC /* AFHTTPSessionManager.m */ = {isa = PBXFileReference; fileEncoding = 4; lastKnownFileType = sourcecode.c.objc; path = AFHTTPSessionManager.m; sourceTree = "<group>"; };
		9130043A1C85391500A36AEC /* AFNetworking.h */ = {isa = PBXFileReference; fileEncoding = 4; lastKnownFileType = sourcecode.c.h; path = AFNetworking.h; sourceTree = "<group>"; };
		9130043B1C85391500A36AEC /* AFNetworkReachabilityManager.h */ = {isa = PBXFileReference; fileEncoding = 4; lastKnownFileType = sourcecode.c.h; path = AFNetworkReachabilityManager.h; sourceTree = "<group>"; };
		9130043C1C85391500A36AEC /* AFNetworkReachabilityManager.m */ = {isa = PBXFileReference; fileEncoding = 4; lastKnownFileType = sourcecode.c.objc; path = AFNetworkReachabilityManager.m; sourceTree = "<group>"; };
		9130043D1C85391500A36AEC /* AFSecurityPolicy.h */ = {isa = PBXFileReference; fileEncoding = 4; lastKnownFileType = sourcecode.c.h; path = AFSecurityPolicy.h; sourceTree = "<group>"; };
		9130043E1C85391500A36AEC /* AFSecurityPolicy.m */ = {isa = PBXFileReference; fileEncoding = 4; lastKnownFileType = sourcecode.c.objc; path = AFSecurityPolicy.m; sourceTree = "<group>"; };
		9130043F1C85391500A36AEC /* AFURLConnectionOperation.h */ = {isa = PBXFileReference; fileEncoding = 4; lastKnownFileType = sourcecode.c.h; path = AFURLConnectionOperation.h; sourceTree = "<group>"; };
		913004401C85391500A36AEC /* AFURLConnectionOperation.m */ = {isa = PBXFileReference; fileEncoding = 4; lastKnownFileType = sourcecode.c.objc; path = AFURLConnectionOperation.m; sourceTree = "<group>"; };
		913004411C85391500A36AEC /* AFURLRequestSerialization.h */ = {isa = PBXFileReference; fileEncoding = 4; lastKnownFileType = sourcecode.c.h; path = AFURLRequestSerialization.h; sourceTree = "<group>"; };
		913004421C85391500A36AEC /* AFURLRequestSerialization.m */ = {isa = PBXFileReference; fileEncoding = 4; lastKnownFileType = sourcecode.c.objc; path = AFURLRequestSerialization.m; sourceTree = "<group>"; };
		913004431C85391500A36AEC /* AFURLResponseSerialization.h */ = {isa = PBXFileReference; fileEncoding = 4; lastKnownFileType = sourcecode.c.h; path = AFURLResponseSerialization.h; sourceTree = "<group>"; };
		913004441C85391500A36AEC /* AFURLResponseSerialization.m */ = {isa = PBXFileReference; fileEncoding = 4; lastKnownFileType = sourcecode.c.objc; path = AFURLResponseSerialization.m; sourceTree = "<group>"; };
		913004451C85391500A36AEC /* AFURLSessionManager.h */ = {isa = PBXFileReference; fileEncoding = 4; lastKnownFileType = sourcecode.c.h; path = AFURLSessionManager.h; sourceTree = "<group>"; };
		913004461C85391500A36AEC /* AFURLSessionManager.m */ = {isa = PBXFileReference; fileEncoding = 4; lastKnownFileType = sourcecode.c.objc; path = AFURLSessionManager.m; sourceTree = "<group>"; };
		913004471C85391500A36AEC /* LICENSE */ = {isa = PBXFileReference; fileEncoding = 4; lastKnownFileType = text; path = LICENSE; sourceTree = "<group>"; };
		913004481C85391500A36AEC /* README.md */ = {isa = PBXFileReference; fileEncoding = 4; lastKnownFileType = net.daringfireball.markdown; path = README.md; sourceTree = "<group>"; };
		9130044A1C85391500A36AEC /* AFNetworkActivityIndicatorManager.h */ = {isa = PBXFileReference; fileEncoding = 4; lastKnownFileType = sourcecode.c.h; path = AFNetworkActivityIndicatorManager.h; sourceTree = "<group>"; };
		9130044B1C85391500A36AEC /* AFNetworkActivityIndicatorManager.m */ = {isa = PBXFileReference; fileEncoding = 4; lastKnownFileType = sourcecode.c.objc; path = AFNetworkActivityIndicatorManager.m; sourceTree = "<group>"; };
		9130044C1C85391500A36AEC /* UIActivityIndicatorView+AFNetworking.h */ = {isa = PBXFileReference; fileEncoding = 4; lastKnownFileType = sourcecode.c.h; path = "UIActivityIndicatorView+AFNetworking.h"; sourceTree = "<group>"; };
		9130044D1C85391500A36AEC /* UIActivityIndicatorView+AFNetworking.m */ = {isa = PBXFileReference; fileEncoding = 4; lastKnownFileType = sourcecode.c.objc; path = "UIActivityIndicatorView+AFNetworking.m"; sourceTree = "<group>"; };
		9130044E1C85391500A36AEC /* UIAlertView+AFNetworking.h */ = {isa = PBXFileReference; fileEncoding = 4; lastKnownFileType = sourcecode.c.h; path = "UIAlertView+AFNetworking.h"; sourceTree = "<group>"; };
		9130044F1C85391500A36AEC /* UIAlertView+AFNetworking.m */ = {isa = PBXFileReference; fileEncoding = 4; lastKnownFileType = sourcecode.c.objc; path = "UIAlertView+AFNetworking.m"; sourceTree = "<group>"; };
		913004501C85391500A36AEC /* UIButton+AFNetworking.h */ = {isa = PBXFileReference; fileEncoding = 4; lastKnownFileType = sourcecode.c.h; path = "UIButton+AFNetworking.h"; sourceTree = "<group>"; };
		913004511C85391500A36AEC /* UIButton+AFNetworking.m */ = {isa = PBXFileReference; fileEncoding = 4; lastKnownFileType = sourcecode.c.objc; path = "UIButton+AFNetworking.m"; sourceTree = "<group>"; };
		913004521C85391500A36AEC /* UIImageView+AFNetworking.h */ = {isa = PBXFileReference; fileEncoding = 4; lastKnownFileType = sourcecode.c.h; path = "UIImageView+AFNetworking.h"; sourceTree = "<group>"; };
		913004531C85391500A36AEC /* UIImageView+AFNetworking.m */ = {isa = PBXFileReference; fileEncoding = 4; lastKnownFileType = sourcecode.c.objc; path = "UIImageView+AFNetworking.m"; sourceTree = "<group>"; };
		913004541C85391500A36AEC /* UIKit+AFNetworking.h */ = {isa = PBXFileReference; fileEncoding = 4; lastKnownFileType = sourcecode.c.h; path = "UIKit+AFNetworking.h"; sourceTree = "<group>"; };
		913004551C85391500A36AEC /* UIProgressView+AFNetworking.h */ = {isa = PBXFileReference; fileEncoding = 4; lastKnownFileType = sourcecode.c.h; path = "UIProgressView+AFNetworking.h"; sourceTree = "<group>"; };
		913004561C85391500A36AEC /* UIProgressView+AFNetworking.m */ = {isa = PBXFileReference; fileEncoding = 4; lastKnownFileType = sourcecode.c.objc; path = "UIProgressView+AFNetworking.m"; sourceTree = "<group>"; };
		913004571C85391500A36AEC /* UIRefreshControl+AFNetworking.h */ = {isa = PBXFileReference; fileEncoding = 4; lastKnownFileType = sourcecode.c.h; path = "UIRefreshControl+AFNetworking.h"; sourceTree = "<group>"; };
		913004581C85391500A36AEC /* UIRefreshControl+AFNetworking.m */ = {isa = PBXFileReference; fileEncoding = 4; lastKnownFileType = sourcecode.c.objc; path = "UIRefreshControl+AFNetworking.m"; sourceTree = "<group>"; };
		913004591C85391500A36AEC /* UIWebView+AFNetworking.h */ = {isa = PBXFileReference; fileEncoding = 4; lastKnownFileType = sourcecode.c.h; path = "UIWebView+AFNetworking.h"; sourceTree = "<group>"; };
		9130045A1C85391500A36AEC /* UIWebView+AFNetworking.m */ = {isa = PBXFileReference; fileEncoding = 4; lastKnownFileType = sourcecode.c.objc; path = "UIWebView+AFNetworking.m"; sourceTree = "<group>"; };
		91E28B861C841EBA009957E7 /* LQQWeChatDemo.app */ = {isa = PBXFileReference; explicitFileType = wrapper.application; includeInIndex = 0; path = LQQWeChatDemo.app; sourceTree = BUILT_PRODUCTS_DIR; };
		91E28B8A1C841EBA009957E7 /* main.m */ = {isa = PBXFileReference; lastKnownFileType = sourcecode.c.objc; path = main.m; sourceTree = "<group>"; };
		91E28B8C1C841EBA009957E7 /* AppDelegate.h */ = {isa = PBXFileReference; lastKnownFileType = sourcecode.c.h; path = AppDelegate.h; sourceTree = "<group>"; };
		91E28B8D1C841EBA009957E7 /* AppDelegate.m */ = {isa = PBXFileReference; lastKnownFileType = sourcecode.c.objc; path = AppDelegate.m; sourceTree = "<group>"; };
		91E28B8F1C841EBA009957E7 /* ViewController.h */ = {isa = PBXFileReference; lastKnownFileType = sourcecode.c.h; path = ViewController.h; sourceTree = "<group>"; };
		91E28B901C841EBA009957E7 /* ViewController.m */ = {isa = PBXFileReference; lastKnownFileType = sourcecode.c.objc; path = ViewController.m; sourceTree = "<group>"; };
		91E28B931C841EBA009957E7 /* Base */ = {isa = PBXFileReference; lastKnownFileType = file.storyboard; name = Base; path = Base.lproj/Main.storyboard; sourceTree = "<group>"; };
		91E28B951C841EBA009957E7 /* Assets.xcassets */ = {isa = PBXFileReference; lastKnownFileType = folder.assetcatalog; path = Assets.xcassets; sourceTree = "<group>"; };
		91E28B981C841EBA009957E7 /* Base */ = {isa = PBXFileReference; lastKnownFileType = file.storyboard; name = Base; path = Base.lproj/LaunchScreen.storyboard; sourceTree = "<group>"; };
		91E28B9A1C841EBA009957E7 /* Info.plist */ = {isa = PBXFileReference; lastKnownFileType = text.plist.xml; path = Info.plist; sourceTree = "<group>"; };
		91E28B9F1C841EBA009957E7 /* LQQWeChatDemoTests.xctest */ = {isa = PBXFileReference; explicitFileType = wrapper.cfbundle; includeInIndex = 0; path = LQQWeChatDemoTests.xctest; sourceTree = BUILT_PRODUCTS_DIR; };
		91E28BA31C841EBA009957E7 /* LQQWeChatDemoTests.m */ = {isa = PBXFileReference; lastKnownFileType = sourcecode.c.objc; path = LQQWeChatDemoTests.m; sourceTree = "<group>"; };
		91E28BA51C841EBA009957E7 /* Info.plist */ = {isa = PBXFileReference; lastKnownFileType = text.plist.xml; path = Info.plist; sourceTree = "<group>"; };
		91E28BAA1C841EBA009957E7 /* LQQWeChatDemoUITests.xctest */ = {isa = PBXFileReference; explicitFileType = wrapper.cfbundle; includeInIndex = 0; path = LQQWeChatDemoUITests.xctest; sourceTree = BUILT_PRODUCTS_DIR; };
		91E28BAE1C841EBA009957E7 /* LQQWeChatDemoUITests.m */ = {isa = PBXFileReference; lastKnownFileType = sourcecode.c.objc; path = LQQWeChatDemoUITests.m; sourceTree = "<group>"; };
		91E28BB01C841EBA009957E7 /* Info.plist */ = {isa = PBXFileReference; lastKnownFileType = text.plist.xml; path = Info.plist; sourceTree = "<group>"; };
		91E28BBD1C842001009957E7 /* HYBNetworking.h */ = {isa = PBXFileReference; fileEncoding = 4; lastKnownFileType = sourcecode.c.h; path = HYBNetworking.h; sourceTree = "<group>"; };
		91E28BBE1C842001009957E7 /* HYBNetworking.m */ = {isa = PBXFileReference; fileEncoding = 4; lastKnownFileType = sourcecode.c.objc; path = HYBNetworking.m; sourceTree = "<group>"; };
		91E28C041C84206F009957E7 /* WechatPayViewController.h */ = {isa = PBXFileReference; fileEncoding = 4; lastKnownFileType = sourcecode.c.h; path = WechatPayViewController.h; sourceTree = "<group>"; };
		91E28C051C84206F009957E7 /* WechatPayViewController.m */ = {isa = PBXFileReference; fileEncoding = 4; lastKnownFileType = sourcecode.c.objc; path = WechatPayViewController.m; sourceTree = "<group>"; };
		91E28C071C84208F009957E7 /* wechatPay_icon@2x.png */ = {isa = PBXFileReference; lastKnownFileType = image.png; path = "wechatPay_icon@2x.png"; sourceTree = "<group>"; };
		91E28C0A1C842750009957E7 /* libWeChatSDK.a */ = {isa = PBXFileReference; lastKnownFileType = archive.ar; path = libWeChatSDK.a; sourceTree = "<group>"; };
		91E28C0B1C842750009957E7 /* read_me.txt */ = {isa = PBXFileReference; fileEncoding = 4; lastKnownFileType = text; path = read_me.txt; sourceTree = "<group>"; };
		91E28C0C1C842750009957E7 /* WechatAuthSDK.h */ = {isa = PBXFileReference; fileEncoding = 4; lastKnownFileType = sourcecode.c.h; path = WechatAuthSDK.h; sourceTree = "<group>"; };
		91E28C0D1C842750009957E7 /* WXApi.h */ = {isa = PBXFileReference; fileEncoding = 4; lastKnownFileType = sourcecode.c.h; path = WXApi.h; sourceTree = "<group>"; };
		91E28C0E1C842750009957E7 /* WXApiObject.h */ = {isa = PBXFileReference; fileEncoding = 4; lastKnownFileType = sourcecode.c.h; path = WXApiObject.h; sourceTree = "<group>"; };
		91E28C111C842806009957E7 /* SystemConfiguration.framework */ = {isa = PBXFileReference; lastKnownFileType = wrapper.framework; name = SystemConfiguration.framework; path = System/Library/Frameworks/SystemConfiguration.framework; sourceTree = SDKROOT; };
		91E28C131C842815009957E7 /* libz.tbd */ = {isa = PBXFileReference; lastKnownFileType = "sourcecode.text-based-dylib-definition"; name = libz.tbd; path = usr/lib/libz.tbd; sourceTree = SDKROOT; };
		91E28C151C842825009957E7 /* libsqlite3.0.tbd */ = {isa = PBXFileReference; lastKnownFileType = "sourcecode.text-based-dylib-definition"; name = libsqlite3.0.tbd; path = usr/lib/libsqlite3.0.tbd; sourceTree = SDKROOT; };
		91E28C171C842835009957E7 /* libc++.tbd */ = {isa = PBXFileReference; lastKnownFileType = "sourcecode.text-based-dylib-definition"; name = "libc++.tbd"; path = "usr/lib/libc++.tbd"; sourceTree = SDKROOT; };
		91E28C191C843588009957E7 /* CoreLocation.framework */ = {isa = PBXFileReference; lastKnownFileType = wrapper.framework; name = CoreLocation.framework; path = System/Library/Frameworks/CoreLocation.framework; sourceTree = SDKROOT; };
		91E28C1B1C8435FD009957E7 /* CoreTelephony.framework */ = {isa = PBXFileReference; lastKnownFileType = wrapper.framework; name = CoreTelephony.framework; path = System/Library/Frameworks/CoreTelephony.framework; sourceTree = SDKROOT; };
/* End PBXFileReference section */

/* Begin PBXFrameworksBuildPhase section */
		91E28B831C841EBA009957E7 /* Frameworks */ = {
			isa = PBXFrameworksBuildPhase;
			buildActionMask = 2147483647;
			files = (
				91E28C1C1C8435FD009957E7 /* CoreTelephony.framework in Frameworks */,
				91E28C181C842835009957E7 /* libc++.tbd in Frameworks */,
				91E28C161C842825009957E7 /* libsqlite3.0.tbd in Frameworks */,
				91E28C141C842815009957E7 /* libz.tbd in Frameworks */,
				91E28C121C842806009957E7 /* SystemConfiguration.framework in Frameworks */,
				91E28C0F1C842750009957E7 /* libWeChatSDK.a in Frameworks */,
			);
			runOnlyForDeploymentPostprocessing = 0;
		};
		91E28B9C1C841EBA009957E7 /* Frameworks */ = {
			isa = PBXFrameworksBuildPhase;
			buildActionMask = 2147483647;
			files = (
			);
			runOnlyForDeploymentPostprocessing = 0;
		};
		91E28BA71C841EBA009957E7 /* Frameworks */ = {
			isa = PBXFrameworksBuildPhase;
			buildActionMask = 2147483647;
			files = (
			);
			runOnlyForDeploymentPostprocessing = 0;
		};
/* End PBXFrameworksBuildPhase section */

/* Begin PBXGroup section */
		913004321C85391500A36AEC /* AFNetworking */ = {
			isa = PBXGroup;
			children = (
				913004331C85391500A36AEC /* AFNetworking */,
				913004471C85391500A36AEC /* LICENSE */,
				913004481C85391500A36AEC /* README.md */,
				913004491C85391500A36AEC /* UIKit+AFNetworking */,
			);
			path = AFNetworking;
			sourceTree = "<group>";
		};
		913004331C85391500A36AEC /* AFNetworking */ = {
			isa = PBXGroup;
			children = (
				913004341C85391500A36AEC /* AFHTTPRequestOperation.h */,
				913004351C85391500A36AEC /* AFHTTPRequestOperation.m */,
				913004361C85391500A36AEC /* AFHTTPRequestOperationManager.h */,
				913004371C85391500A36AEC /* AFHTTPRequestOperationManager.m */,
				913004381C85391500A36AEC /* AFHTTPSessionManager.h */,
				913004391C85391500A36AEC /* AFHTTPSessionManager.m */,
				9130043A1C85391500A36AEC /* AFNetworking.h */,
				9130043B1C85391500A36AEC /* AFNetworkReachabilityManager.h */,
				9130043C1C85391500A36AEC /* AFNetworkReachabilityManager.m */,
				9130043D1C85391500A36AEC /* AFSecurityPolicy.h */,
				9130043E1C85391500A36AEC /* AFSecurityPolicy.m */,
				9130043F1C85391500A36AEC /* AFURLConnectionOperation.h */,
				913004401C85391500A36AEC /* AFURLConnectionOperation.m */,
				913004411C85391500A36AEC /* AFURLRequestSerialization.h */,
				913004421C85391500A36AEC /* AFURLRequestSerialization.m */,
				913004431C85391500A36AEC /* AFURLResponseSerialization.h */,
				913004441C85391500A36AEC /* AFURLResponseSerialization.m */,
				913004451C85391500A36AEC /* AFURLSessionManager.h */,
				913004461C85391500A36AEC /* AFURLSessionManager.m */,
			);
			path = AFNetworking;
			sourceTree = "<group>";
		};
		913004491C85391500A36AEC /* UIKit+AFNetworking */ = {
			isa = PBXGroup;
			children = (
				9130044A1C85391500A36AEC /* AFNetworkActivityIndicatorManager.h */,
				9130044B1C85391500A36AEC /* AFNetworkActivityIndicatorManager.m */,
				9130044C1C85391500A36AEC /* UIActivityIndicatorView+AFNetworking.h */,
				9130044D1C85391500A36AEC /* UIActivityIndicatorView+AFNetworking.m */,
				9130044E1C85391500A36AEC /* UIAlertView+AFNetworking.h */,
				9130044F1C85391500A36AEC /* UIAlertView+AFNetworking.m */,
				913004501C85391500A36AEC /* UIButton+AFNetworking.h */,
				913004511C85391500A36AEC /* UIButton+AFNetworking.m */,
				913004521C85391500A36AEC /* UIImageView+AFNetworking.h */,
				913004531C85391500A36AEC /* UIImageView+AFNetworking.m */,
				913004541C85391500A36AEC /* UIKit+AFNetworking.h */,
				913004551C85391500A36AEC /* UIProgressView+AFNetworking.h */,
				913004561C85391500A36AEC /* UIProgressView+AFNetworking.m */,
				913004571C85391500A36AEC /* UIRefreshControl+AFNetworking.h */,
				913004581C85391500A36AEC /* UIRefreshControl+AFNetworking.m */,
				913004591C85391500A36AEC /* UIWebView+AFNetworking.h */,
				9130045A1C85391500A36AEC /* UIWebView+AFNetworking.m */,
			);
			path = "UIKit+AFNetworking";
			sourceTree = "<group>";
		};
		91E28B7D1C841EBA009957E7 = {
			isa = PBXGroup;
			children = (
				91E28C1B1C8435FD009957E7 /* CoreTelephony.framework */,
				91E28C191C843588009957E7 /* CoreLocation.framework */,
				91E28C171C842835009957E7 /* libc++.tbd */,
				91E28C151C842825009957E7 /* libsqlite3.0.tbd */,
				91E28C131C842815009957E7 /* libz.tbd */,
				91E28C111C842806009957E7 /* SystemConfiguration.framework */,
				91E28B881C841EBA009957E7 /* LQQWeChatDemo */,
				91E28BA21C841EBA009957E7 /* LQQWeChatDemoTests */,
				91E28BAD1C841EBA009957E7 /* LQQWeChatDemoUITests */,
				91E28B871C841EBA009957E7 /* Products */,
			);
			sourceTree = "<group>";
		};
		91E28B871C841EBA009957E7 /* Products */ = {
			isa = PBXGroup;
			children = (
				91E28B861C841EBA009957E7 /* LQQWeChatDemo.app */,
				91E28B9F1C841EBA009957E7 /* LQQWeChatDemoTests.xctest */,
				91E28BAA1C841EBA009957E7 /* LQQWeChatDemoUITests.xctest */,
			);
			name = Products;
			sourceTree = "<group>";
		};
		91E28B881C841EBA009957E7 /* LQQWeChatDemo */ = {
			isa = PBXGroup;
			children = (
				913003D11C8532F200A36AEC /* NSString+MD5.h */,
				913003D21C8532F200A36AEC /* NSString+MD5.m */,
				91E28C091C842750009957E7 /* SDK1.6-3.2 */,
				91E28C031C84204E009957E7 /* WechatPay */,
				91E28BBC1C841FDF009957E7 /* Networking */,
				91E28B8C1C841EBA009957E7 /* AppDelegate.h */,
				91E28B8D1C841EBA009957E7 /* AppDelegate.m */,
				91E28B8F1C841EBA009957E7 /* ViewController.h */,
				91E28B901C841EBA009957E7 /* ViewController.m */,
				91E28B921C841EBA009957E7 /* Main.storyboard */,
				91E28B951C841EBA009957E7 /* Assets.xcassets */,
				91E28B971C841EBA009957E7 /* LaunchScreen.storyboard */,
				91E28B9A1C841EBA009957E7 /* Info.plist */,
				91E28B891C841EBA009957E7 /* Supporting Files */,
			);
			path = LQQWeChatDemo;
			sourceTree = "<group>";
		};
		91E28B891C841EBA009957E7 /* Supporting Files */ = {
			isa = PBXGroup;
			children = (
				91E28B8A1C841EBA009957E7 /* main.m */,
			);
			name = "Supporting Files";
			sourceTree = "<group>";
		};
		91E28BA21C841EBA009957E7 /* LQQWeChatDemoTests */ = {
			isa = PBXGroup;
			children = (
				91E28BA31C841EBA009957E7 /* LQQWeChatDemoTests.m */,
				91E28BA51C841EBA009957E7 /* Info.plist */,
			);
			path = LQQWeChatDemoTests;
			sourceTree = "<group>";
		};
		91E28BAD1C841EBA009957E7 /* LQQWeChatDemoUITests */ = {
			isa = PBXGroup;
			children = (
				91E28BAE1C841EBA009957E7 /* LQQWeChatDemoUITests.m */,
				91E28BB01C841EBA009957E7 /* Info.plist */,
			);
			path = LQQWeChatDemoUITests;
			sourceTree = "<group>";
		};
		91E28BBC1C841FDF009957E7 /* Networking */ = {
			isa = PBXGroup;
			children = (
				913004321C85391500A36AEC /* AFNetworking */,
				91E28BBD1C842001009957E7 /* HYBNetworking.h */,
				91E28BBE1C842001009957E7 /* HYBNetworking.m */,
			);
			name = Networking;
			sourceTree = "<group>";
		};
		91E28C031C84204E009957E7 /* WechatPay */ = {
			isa = PBXGroup;
			children = (
				91E28C071C84208F009957E7 /* wechatPay_icon@2x.png */,
				91E28C041C84206F009957E7 /* WechatPayViewController.h */,
				91E28C051C84206F009957E7 /* WechatPayViewController.m */,
			);
			name = WechatPay;
			sourceTree = "<group>";
		};
		91E28C091C842750009957E7 /* SDK1.6-3.2 */ = {
			isa = PBXGroup;
			children = (
				91E28C0A1C842750009957E7 /* libWeChatSDK.a */,
				91E28C0B1C842750009957E7 /* read_me.txt */,
				91E28C0C1C842750009957E7 /* WechatAuthSDK.h */,
				91E28C0D1C842750009957E7 /* WXApi.h */,
				91E28C0E1C842750009957E7 /* WXApiObject.h */,
			);
			path = "SDK1.6-3.2";
			sourceTree = "<group>";
		};
/* End PBXGroup section */

/* Begin PBXNativeTarget section */
		91E28B851C841EBA009957E7 /* LQQWeChatDemo */ = {
			isa = PBXNativeTarget;
			buildConfigurationList = 91E28BB31C841EBA009957E7 /* Build configuration list for PBXNativeTarget "LQQWeChatDemo" */;
			buildPhases = (
				91E28B821C841EBA009957E7 /* Sources */,
				91E28B831C841EBA009957E7 /* Frameworks */,
				91E28B841C841EBA009957E7 /* Resources */,
			);
			buildRules = (
			);
			dependencies = (
			);
			name = LQQWeChatDemo;
			productName = LQQWeChatDemo;
			productReference = 91E28B861C841EBA009957E7 /* LQQWeChatDemo.app */;
			productType = "com.apple.product-type.application";
		};
		91E28B9E1C841EBA009957E7 /* LQQWeChatDemoTests */ = {
			isa = PBXNativeTarget;
			buildConfigurationList = 91E28BB61C841EBA009957E7 /* Build configuration list for PBXNativeTarget "LQQWeChatDemoTests" */;
			buildPhases = (
				91E28B9B1C841EBA009957E7 /* Sources */,
				91E28B9C1C841EBA009957E7 /* Frameworks */,
				91E28B9D1C841EBA009957E7 /* Resources */,
			);
			buildRules = (
			);
			dependencies = (
				91E28BA11C841EBA009957E7 /* PBXTargetDependency */,
			);
			name = LQQWeChatDemoTests;
			productName = LQQWeChatDemoTests;
			productReference = 91E28B9F1C841EBA009957E7 /* LQQWeChatDemoTests.xctest */;
			productType = "com.apple.product-type.bundle.unit-test";
		};
		91E28BA91C841EBA009957E7 /* LQQWeChatDemoUITests */ = {
			isa = PBXNativeTarget;
			buildConfigurationList = 91E28BB91C841EBA009957E7 /* Build configuration list for PBXNativeTarget "LQQWeChatDemoUITests" */;
			buildPhases = (
				91E28BA61C841EBA009957E7 /* Sources */,
				91E28BA71C841EBA009957E7 /* Frameworks */,
				91E28BA81C841EBA009957E7 /* Resources */,
			);
			buildRules = (
			);
			dependencies = (
				91E28BAC1C841EBA009957E7 /* PBXTargetDependency */,
			);
			name = LQQWeChatDemoUITests;
			productName = LQQWeChatDemoUITests;
			productReference = 91E28BAA1C841EBA009957E7 /* LQQWeChatDemoUITests.xctest */;
			productType = "com.apple.product-type.bundle.ui-testing";
		};
/* End PBXNativeTarget section */

/* Begin PBXProject section */
		91E28B7E1C841EBA009957E7 /* Project object */ = {
			isa = PBXProject;
			attributes = {
				LastUpgradeCheck = 0720;
				ORGANIZATIONNAME = Artup;
				TargetAttributes = {
					91E28B851C841EBA009957E7 = {
						CreatedOnToolsVersion = 7.2;
					};
					91E28B9E1C841EBA009957E7 = {
						CreatedOnToolsVersion = 7.2;
						TestTargetID = 91E28B851C841EBA009957E7;
					};
					91E28BA91C841EBA009957E7 = {
						CreatedOnToolsVersion = 7.2;
						TestTargetID = 91E28B851C841EBA009957E7;
					};
				};
			};
			buildConfigurationList = 91E28B811C841EBA009957E7 /* Build configuration list for PBXProject "LQQWeChatDemo" */;
			compatibilityVersion = "Xcode 3.2";
			developmentRegion = English;
			hasScannedForEncodings = 0;
			knownRegions = (
				en,
				Base,
			);
			mainGroup = 91E28B7D1C841EBA009957E7;
			productRefGroup = 91E28B871C841EBA009957E7 /* Products */;
			projectDirPath = "";
			projectRoot = "";
			targets = (
				91E28B851C841EBA009957E7 /* LQQWeChatDemo */,
				91E28B9E1C841EBA009957E7 /* LQQWeChatDemoTests */,
				91E28BA91C841EBA009957E7 /* LQQWeChatDemoUITests */,
			);
		};
/* End PBXProject section */

/* Begin PBXResourcesBuildPhase section */
		91E28B841C841EBA009957E7 /* Resources */ = {
			isa = PBXResourcesBuildPhase;
			buildActionMask = 2147483647;
			files = (
				913004641C85391500A36AEC /* LICENSE in Resources */,
				91E28B991C841EBA009957E7 /* LaunchScreen.storyboard in Resources */,
				91E28B961C841EBA009957E7 /* Assets.xcassets in Resources */,
				91E28C081C84208F009957E7 /* wechatPay_icon@2x.png in Resources */,
				91E28B941C841EBA009957E7 /* Main.storyboard in Resources */,
				91E28C101C842750009957E7 /* read_me.txt in Resources */,
			);
			runOnlyForDeploymentPostprocessing = 0;
		};
		91E28B9D1C841EBA009957E7 /* Resources */ = {
			isa = PBXResourcesBuildPhase;
			buildActionMask = 2147483647;
			files = (
			);
			runOnlyForDeploymentPostprocessing = 0;
		};
		91E28BA81C841EBA009957E7 /* Resources */ = {
			isa = PBXResourcesBuildPhase;
			buildActionMask = 2147483647;
			files = (
			);
			runOnlyForDeploymentPostprocessing = 0;
		};
/* End PBXResourcesBuildPhase section */

/* Begin PBXSourcesBuildPhase section */
		91E28B821C841EBA009957E7 /* Sources */ = {
			isa = PBXSourcesBuildPhase;
			buildActionMask = 2147483647;
			files = (
				9130046C1C85391500A36AEC /* UIRefreshControl+AFNetworking.m in Sources */,
				913004631C85391500A36AEC /* AFURLSessionManager.m in Sources */,
				91E28B911C841EBA009957E7 /* ViewController.m in Sources */,
				9130046B1C85391500A36AEC /* UIProgressView+AFNetworking.m in Sources */,
				91E28BBF1C842001009957E7 /* HYBNetworking.m in Sources */,
				913004681C85391500A36AEC /* UIAlertView+AFNetworking.m in Sources */,
				9130045E1C85391500A36AEC /* AFNetworkReachabilityManager.m in Sources */,
				91E28C061C84206F009957E7 /* WechatPayViewController.m in Sources */,
				913004691C85391500A36AEC /* UIButton+AFNetworking.m in Sources */,
				913004601C85391500A36AEC /* AFURLConnectionOperation.m in Sources */,
				913004671C85391500A36AEC /* UIActivityIndicatorView+AFNetworking.m in Sources */,
				913004651C85391500A36AEC /* README.md in Sources */,
				913004661C85391500A36AEC /* AFNetworkActivityIndicatorManager.m in Sources */,
				9130045D1C85391500A36AEC /* AFHTTPSessionManager.m in Sources */,
				913004611C85391500A36AEC /* AFURLRequestSerialization.m in Sources */,
				91E28B8E1C841EBA009957E7 /* AppDelegate.m in Sources */,
				91E28B8B1C841EBA009957E7 /* main.m in Sources */,
				913003D31C8532F200A36AEC /* NSString+MD5.m in Sources */,
				9130045C1C85391500A36AEC /* AFHTTPRequestOperationManager.m in Sources */,
				9130045F1C85391500A36AEC /* AFSecurityPolicy.m in Sources */,
				9130046D1C85391500A36AEC /* UIWebView+AFNetworking.m in Sources */,
				913004621C85391500A36AEC /* AFURLResponseSerialization.m in Sources */,
				9130046A1C85391500A36AEC /* UIImageView+AFNetworking.m in Sources */,
				9130045B1C85391500A36AEC /* AFHTTPRequestOperation.m in Sources */,
			);
			runOnlyForDeploymentPostprocessing = 0;
		};
		91E28B9B1C841EBA009957E7 /* Sources */ = {
			isa = PBXSourcesBuildPhase;
			buildActionMask = 2147483647;
			files = (
				91E28BA41C841EBA009957E7 /* LQQWeChatDemoTests.m in Sources */,
			);
			runOnlyForDeploymentPostprocessing = 0;
		};
		91E28BA61C841EBA009957E7 /* Sources */ = {
			isa = PBXSourcesBuildPhase;
			buildActionMask = 2147483647;
			files = (
				91E28BAF1C841EBA009957E7 /* LQQWeChatDemoUITests.m in Sources */,
			);
			runOnlyForDeploymentPostprocessing = 0;
		};
/* End PBXSourcesBuildPhase section */

/* Begin PBXTargetDependency section */
		91E28BA11C841EBA009957E7 /* PBXTargetDependency */ = {
			isa = PBXTargetDependency;
			target = 91E28B851C841EBA009957E7 /* LQQWeChatDemo */;
			targetProxy = 91E28BA01C841EBA009957E7 /* PBXContainerItemProxy */;
		};
		91E28BAC1C841EBA009957E7 /* PBXTargetDependency */ = {
			isa = PBXTargetDependency;
			target = 91E28B851C841EBA009957E7 /* LQQWeChatDemo */;
			targetProxy = 91E28BAB1C841EBA009957E7 /* PBXContainerItemProxy */;
		};
/* End PBXTargetDependency section */

/* Begin PBXVariantGroup section */
		91E28B921C841EBA009957E7 /* Main.storyboard */ = {
			isa = PBXVariantGroup;
			children = (
				91E28B931C841EBA009957E7 /* Base */,
			);
			name = Main.storyboard;
			sourceTree = "<group>";
		};
		91E28B971C841EBA009957E7 /* LaunchScreen.storyboard */ = {
			isa = PBXVariantGroup;
			children = (
				91E28B981C841EBA009957E7 /* Base */,
			);
			name = LaunchScreen.storyboard;
			sourceTree = "<group>";
		};
/* End PBXVariantGroup section */

/* Begin XCBuildConfiguration section */
		91E28BB11C841EBA009957E7 /* Debug */ = {
			isa = XCBuildConfiguration;
			buildSettings = {
				ALWAYS_SEARCH_USER_PATHS = NO;
				CLANG_CXX_LANGUAGE_STANDARD = "gnu++0x";
				CLANG_CXX_LIBRARY = "libc++";
				CLANG_ENABLE_MODULES = YES;
				CLANG_ENABLE_OBJC_ARC = YES;
				CLANG_WARN_BOOL_CONVERSION = YES;
				CLANG_WARN_CONSTANT_CONVERSION = YES;
				CLANG_WARN_DIRECT_OBJC_ISA_USAGE = YES_ERROR;
				CLANG_WARN_EMPTY_BODY = YES;
				CLANG_WARN_ENUM_CONVERSION = YES;
				CLANG_WARN_INT_CONVERSION = YES;
				CLANG_WARN_OBJC_ROOT_CLASS = YES_ERROR;
				CLANG_WARN_UNREACHABLE_CODE = YES;
				CLANG_WARN__DUPLICATE_METHOD_MATCH = YES;
				"CODE_SIGN_IDENTITY[sdk=iphoneos*]" = "iPhone Developer";
				COPY_PHASE_STRIP = NO;
				DEBUG_INFORMATION_FORMAT = dwarf;
				ENABLE_STRICT_OBJC_MSGSEND = YES;
				ENABLE_TESTABILITY = YES;
				GCC_C_LANGUAGE_STANDARD = gnu99;
				GCC_DYNAMIC_NO_PIC = NO;
				GCC_NO_COMMON_BLOCKS = YES;
				GCC_OPTIMIZATION_LEVEL = 0;
				GCC_PREPROCESSOR_DEFINITIONS = (
					"DEBUG=1",
					"$(inherited)",
				);
				GCC_WARN_64_TO_32_BIT_CONVERSION = YES;
				GCC_WARN_ABOUT_RETURN_TYPE = YES_ERROR;
				GCC_WARN_UNDECLARED_SELECTOR = YES;
				GCC_WARN_UNINITIALIZED_AUTOS = YES_AGGRESSIVE;
				GCC_WARN_UNUSED_FUNCTION = YES;
				GCC_WARN_UNUSED_VARIABLE = YES;
				IPHONEOS_DEPLOYMENT_TARGET = 9.2;
				MTL_ENABLE_DEBUG_INFO = YES;
				ONLY_ACTIVE_ARCH = YES;
				SDKROOT = iphoneos;
				TARGETED_DEVICE_FAMILY = "1,2";
			};
			name = Debug;
		};
		91E28BB21C841EBA009957E7 /* Release */ = {
			isa = XCBuildConfiguration;
			buildSettings = {
				ALWAYS_SEARCH_USER_PATHS = NO;
				CLANG_CXX_LANGUAGE_STANDARD = "gnu++0x";
				CLANG_CXX_LIBRARY = "libc++";
				CLANG_ENABLE_MODULES = YES;
				CLANG_ENABLE_OBJC_ARC = YES;
				CLANG_WARN_BOOL_CONVERSION = YES;
				CLANG_WARN_CONSTANT_CONVERSION = YES;
				CLANG_WARN_DIRECT_OBJC_ISA_USAGE = YES_ERROR;
				CLANG_WARN_EMPTY_BODY = YES;
				CLANG_WARN_ENUM_CONVERSION = YES;
				CLANG_WARN_INT_CONVERSION = YES;
				CLANG_WARN_OBJC_ROOT_CLASS = YES_ERROR;
				CLANG_WARN_UNREACHABLE_CODE = YES;
				CLANG_WARN__DUPLICATE_METHOD_MATCH = YES;
				"CODE_SIGN_IDENTITY[sdk=iphoneos*]" = "iPhone Developer";
				COPY_PHASE_STRIP = NO;
				DEBUG_INFORMATION_FORMAT = "dwarf-with-dsym";
				ENABLE_NS_ASSERTIONS = NO;
				ENABLE_STRICT_OBJC_MSGSEND = YES;
				GCC_C_LANGUAGE_STANDARD = gnu99;
				GCC_NO_COMMON_BLOCKS = YES;
				GCC_WARN_64_TO_32_BIT_CONVERSION = YES;
				GCC_WARN_ABOUT_RETURN_TYPE = YES_ERROR;
				GCC_WARN_UNDECLARED_SELECTOR = YES;
				GCC_WARN_UNINITIALIZED_AUTOS = YES_AGGRESSIVE;
				GCC_WARN_UNUSED_FUNCTION = YES;
				GCC_WARN_UNUSED_VARIABLE = YES;
				IPHONEOS_DEPLOYMENT_TARGET = 9.2;
				MTL_ENABLE_DEBUG_INFO = NO;
				SDKROOT = iphoneos;
				TARGETED_DEVICE_FAMILY = "1,2";
				VALIDATE_PRODUCT = YES;
			};
			name = Release;
		};
		91E28BB41C841EBA009957E7 /* Debug */ = {
			isa = XCBuildConfiguration;
			buildSettings = {
				ASSETCATALOG_COMPILER_APPICON_NAME = AppIcon;
				INFOPLIST_FILE = LQQWeChatDemo/Info.plist;
				LD_RUNPATH_SEARCH_PATHS = "$(inherited) @executable_path/Frameworks";
				LIBRARY_SEARCH_PATHS = (
					"$(inherited)",
					"$(PROJECT_DIR)/LQQWeChatDemo/SDK1.6-3.2",
				);
				PRODUCT_BUNDLE_IDENTIFIER = com.artup.www.LQQWeChatDemo;
				PRODUCT_NAME = "$(TARGET_NAME)";
			};
			name = Debug;
		};
		91E28BB51C841EBA009957E7 /* Release */ = {
			isa = XCBuildConfiguration;
			buildSettings = {
				ASSETCATALOG_COMPILER_APPICON_NAME = AppIcon;
				INFOPLIST_FILE = LQQWeChatDemo/Info.plist;
				LD_RUNPATH_SEARCH_PATHS = "$(inherited) @executable_path/Frameworks";
				LIBRARY_SEARCH_PATHS = (
					"$(inherited)",
					"$(PROJECT_DIR)/LQQWeChatDemo/SDK1.6-3.2",
				);
				PRODUCT_BUNDLE_IDENTIFIER = com.artup.www.LQQWeChatDemo;
				PRODUCT_NAME = "$(TARGET_NAME)";
			};
			name = Release;
		};
		91E28BB71C841EBA009957E7 /* Debug */ = {
			isa = XCBuildConfiguration;
			buildSettings = {
				BUNDLE_LOADER = "$(TEST_HOST)";
				INFOPLIST_FILE = LQQWeChatDemoTests/Info.plist;
				LD_RUNPATH_SEARCH_PATHS = "$(inherited) @executable_path/Frameworks @loader_path/Frameworks";
				PRODUCT_BUNDLE_IDENTIFIER = com.artup.www.LQQWeChatDemoTests;
				PRODUCT_NAME = "$(TARGET_NAME)";
				TEST_HOST = "$(BUILT_PRODUCTS_DIR)/LQQWeChatDemo.app/LQQWeChatDemo";
			};
			name = Debug;
		};
		91E28BB81C841EBA009957E7 /* Release */ = {
			isa = XCBuildConfiguration;
			buildSettings = {
				BUNDLE_LOADER = "$(TEST_HOST)";
				INFOPLIST_FILE = LQQWeChatDemoTests/Info.plist;
				LD_RUNPATH_SEARCH_PATHS = "$(inherited) @executable_path/Frameworks @loader_path/Frameworks";
				PRODUCT_BUNDLE_IDENTIFIER = com.artup.www.LQQWeChatDemoTests;
				PRODUCT_NAME = "$(TARGET_NAME)";
				TEST_HOST = "$(BUILT_PRODUCTS_DIR)/LQQWeChatDemo.app/LQQWeChatDemo";
			};
			name = Release;
		};
		91E28BBA1C841EBA009957E7 /* Debug */ = {
			isa = XCBuildConfiguration;
			buildSettings = {
				INFOPLIST_FILE = LQQWeChatDemoUITests/Info.plist;
				LD_RUNPATH_SEARCH_PATHS = "$(inherited) @executable_path/Frameworks @loader_path/Frameworks";
				PRODUCT_BUNDLE_IDENTIFIER = com.artup.www.LQQWeChatDemoUITests;
				PRODUCT_NAME = "$(TARGET_NAME)";
				TEST_TARGET_NAME = LQQWeChatDemo;
				USES_XCTRUNNER = YES;
			};
			name = Debug;
		};
		91E28BBB1C841EBA009957E7 /* Release */ = {
			isa = XCBuildConfiguration;
			buildSettings = {
				INFOPLIST_FILE = LQQWeChatDemoUITests/Info.plist;
				LD_RUNPATH_SEARCH_PATHS = "$(inherited) @executable_path/Frameworks @loader_path/Frameworks";
				PRODUCT_BUNDLE_IDENTIFIER = com.artup.www.LQQWeChatDemoUITests;
				PRODUCT_NAME = "$(TARGET_NAME)";
				TEST_TARGET_NAME = LQQWeChatDemo;
				USES_XCTRUNNER = YES;
			};
			name = Release;
		};
/* End XCBuildConfiguration section */

/* Begin XCConfigurationList section */
		91E28B811C841EBA009957E7 /* Build configuration list for PBXProject "LQQWeChatDemo" */ = {
			isa = XCConfigurationList;
			buildConfigurations = (
				91E28BB11C841EBA009957E7 /* Debug */,
				91E28BB21C841EBA009957E7 /* Release */,
			);
			defaultConfigurationIsVisible = 0;
			defaultConfigurationName = Release;
		};
		91E28BB31C841EBA009957E7 /* Build configuration list for PBXNativeTarget "LQQWeChatDemo" */ = {
			isa = XCConfigurationList;
			buildConfigurations = (
				91E28BB41C841EBA009957E7 /* Debug */,
				91E28BB51C841EBA009957E7 /* Release */,
			);
			defaultConfigurationIsVisible = 0;
			defaultConfigurationName = Release;
		};
		91E28BB61C841EBA009957E7 /* Build configuration list for PBXNativeTarget "LQQWeChatDemoTests" */ = {
			isa = XCConfigurationList;
			buildConfigurations = (
				91E28BB71C841EBA009957E7 /* Debug */,
				91E28BB81C841EBA009957E7 /* Release */,
			);
			defaultConfigurationIsVisible = 0;
			defaultConfigurationName = Release;
		};
		91E28BB91C841EBA009957E7 /* Build configuration list for PBXNativeTarget "LQQWeChatDemoUITests" */ = {
			isa = XCConfigurationList;
			buildConfigurations = (
				91E28BBA1C841EBA009957E7 /* Debug */,
				91E28BBB1C841EBA009957E7 /* Release */,
			);
			defaultConfigurationIsVisible = 0;
			defaultConfigurationName = Release;
		};
/* End XCConfigurationList section */
	};
	rootObject = 91E28B7E1C841EBA009957E7 /* Project object */;
}
